{
  "nodes": {
    "my-nix": {
      "locked": {
        "lastModified": 1684264691,
        "narHash": "sha256-EtMN0u/TQuMYuDptOBPq0N6DAhpBFo59xYPFtYWqH+c=",
        "path": "/home/goose/prj/my-nix",
        "type": "path"
      },
      "original": {
        "path": "/home/goose/prj/my-nix",
        "type": "path"
      }
    },
    "nixpkgs": {
      "locked": {
        "lastModified": 1683286087,
        "narHash": "sha256-xseOd7W7xwF5GOF2RW8qhjmVGrKoBz+caBlreaNzoeI=",
        "owner": "NixOS",
        "repo": "nixpkgs",
        "rev": "3e313808bd2e0a0669430787fb22e43b2f4bf8bf",
        "type": "github"
      },
      "original": {
        "owner": "NixOS",
        "ref": "nixos-unstable",
        "repo": "nixpkgs",
        "type": "github"
      }
    },
    "root": {
      "inputs": {
        "my-nix": "my-nix",
        "nixpkgs": "nixpkgs"
      }
    }
  },
  "root": "root",
  "version": 7
}
